
Microsoft Visual Studio Solution File, Format Version 11.00
# Visual Studio 2010
Project("{FAE04EC0-301F-11D3-BF4B-00C04F79EFBC}") = "Assembly-CSharp", "Assembly-CSharp.csproj", "{8D17528F-D392-53AD-E4A4-2A90C790B854}"
EndProject
Project("{FAE04EC0-301F-11D3-BF4B-00C04F79EFBC}") = "Assembly-CSharp-Editor", "Assembly-CSharp-Editor.csproj", "{1E1E8B28-36C1-A3AA-2013-9375450CC40C}"
EndProject
Global
	GlobalSection(SolutionConfigurationPlatforms) = preSolution
		Debug|Any CPU = Debug|Any CPU
		Release|Any CPU = Release|Any CPU
	EndGlobalSection
	GlobalSection(ProjectConfigurationPlatforms) = postSolution
		{8D17528F-D392-53AD-E4A4-2A90C790B854}.Debug|Any CPU.ActiveCfg = Debug|Any CPU
		{8D17528F-D392-53AD-E4A4-2A90C790B854}.Debug|Any CPU.Build.0 = Debug|Any CPU
		{8D17528F-D392-53AD-E4A4-2A90C790B854}.Release|Any CPU.ActiveCfg = Release|Any CPU
		{8D17528F-D392-53AD-E4A4-2A90C790B854}.Release|Any CPU.Build.0 = Release|Any CPU
		{1E1E8B28-36C1-A3AA-2013-9375450CC40C}.Debug|Any CPU.ActiveCfg = Debug|Any CPU
		{1E1E8B28-36C1-A3AA-2013-9375450CC40C}.Debug|Any CPU.Build.0 = Debug|Any CPU
		{1E1E8B28-36C1-A3AA-2013-9375450CC40C}.Release|Any CPU.ActiveCfg = Release|Any CPU
		{1E1E8B28-36C1-A3AA-2013-9375450CC40C}.Release|Any CPU.Build.0 = Release|Any CPU
	EndGlobalSection
	GlobalSection(SolutionProperties) = preSolution
		HideSolutionNode = FALSE
	EndGlobalSection
	GlobalSection(MonoDevelopProperties) = preSolution
		StartupItem = Assembly-CSharp.csproj
	EndGlobalSection
EndGlobal
